PODS:
  - Alamofire (5.0.0-rc.2)
  - AlamofireImage (4.0.0-beta.5):
    - Alamofire (~> 5.0.0-rc.2)
  - AlamofireObjectMapper (6.2.0):
    - Alamofire (= 5.0.0-rc.2)
    - ObjectMapper (~> 3.5.1)
  - ObjectMapper (3.5.1)
  - SwiftyJSON (5.0.0)

DEPENDENCIES:
  - Alamofire (= 5.0.0-rc.2)
  - AlamofireImage (= 4.0.0-beta.5)
  - AlamofireObjectMapper (= 6.2.0)
  - SwiftyJSON (= 5.0.0)

SPEC REPOS:
  trunk:
    - Alamofire
    - AlamofireImage
    - AlamofireObjectMapper
    - ObjectMapper
    - SwiftyJSON

SPEC CHECKSUMS:
  Alamofire: f9450d3c7f6bea2ad62e7a541c3e9b186c7991d6
  AlamofireImage: f6dfe201f6d59cc6a045b5cb228b58962b8ef31d
  AlamofireObjectMapper: 74d1440c92c42bbcc2b5f4dc81654ac095ec669f
  ObjectMapper: 70187b8941977c62ccfb423caf6b50be405cabf0
  SwiftyJSON: 36413e04c44ee145039d332b4f4e2d3e8d6c4db7

PODFILE CHECKSUM: cf725d95eff6e6cd642d7ca75b3c7fc7896039ea

COCOAPODS: 1.8.4
